
Microsoft Visual Studio Solution File, Format Version 12.00
# Visual Studio Version 16
VisualStudioVersion = 16.0.31624.102
MinimumVisualStudioVersion = 10.0.40219.1
Project("{FAE04EC0-301F-11D3-BF4B-00C04F79EFBC}") = "2D_Map_Project", "2D_Map_Project.csproj", "{4D74208C-A0A7-41C9-8AB8-442E066BE9E2}"
EndProject
Global
	GlobalSection(SolutionConfigurationPlatforms) = preSolution
		Debug|Any CPU = Debug|Any CPU
		Release|Any CPU = Release|Any CPU
	EndGlobalSection
	GlobalSection(ProjectConfigurationPlatforms) = postSolution
		{4D74208C-A0A7-41C9-8AB8-442E066BE9E2}.Debug|Any CPU.ActiveCfg = Debug|Any CPU
		{4D74208C-A0A7-41C9-8AB8-442E066BE9E2}.Debug|Any CPU.Build.0 = Debug|Any CPU
		{4D74208C-A0A7-41C9-8AB8-442E066BE9E2}.Release|Any CPU.ActiveCfg = Release|Any CPU
		{4D74208C-A0A7-41C9-8AB8-442E066BE9E2}.Release|Any CPU.Build.0 = Release|Any CPU
	EndGlobalSection
	GlobalSection(SolutionProperties) = preSolution
		HideSolutionNode = FALSE
	EndGlobalSection
	GlobalSection(ExtensibilityGlobals) = postSolution
		SolutionGuid = {1C4A792A-AD9C-43F4-972D-B22F6B40087D}
	EndGlobalSection
EndGlobal
